
Microsoft Visual Studio Solution File, Format Version 12.00
# Visual Studio Version 17
VisualStudioVersion = 17.12.35527.113
MinimumVisualStudioVersion = 10.0.40219.1
Project("{FAE04EC0-301F-11D3-BF4B-00C04F79EFBC}") = "Demo Session01", "Demo Session01\Demo Session01.csproj", "{A8333394-4A2D-4739-A580-EBE886B6AA23}"
EndProject
Project("{FAE04EC0-301F-11D3-BF4B-00C04F79EFBC}") = "common", "common\common.csproj", "{BDB9AD40-B8FB-47DA-BD1C-6C468998EA06}"
EndProject
Global
	GlobalSection(SolutionConfigurationPlatforms) = preSolution
		Debug|Any CPU = Debug|Any CPU
		Release|Any CPU = Release|Any CPU
	EndGlobalSection
	GlobalSection(ProjectConfigurationPlatforms) = postSolution
		{A8333394-4A2D-4739-A580-EBE886B6AA23}.Debug|Any CPU.ActiveCfg = Debug|Any CPU
		{A8333394-4A2D-4739-A580-EBE886B6AA23}.Debug|Any CPU.Build.0 = Debug|Any CPU
		{A8333394-4A2D-4739-A580-EBE886B6AA23}.Release|Any CPU.ActiveCfg = Release|Any CPU
		{A8333394-4A2D-4739-A580-EBE886B6AA23}.Release|Any CPU.Build.0 = Release|Any CPU
		{BDB9AD40-B8FB-47DA-BD1C-6C468998EA06}.Debug|Any CPU.ActiveCfg = Debug|Any CPU
		{BDB9AD40-B8FB-47DA-BD1C-6C468998EA06}.Debug|Any CPU.Build.0 = Debug|Any CPU
		{BDB9AD40-B8FB-47DA-BD1C-6C468998EA06}.Release|Any CPU.ActiveCfg = Release|Any CPU
		{BDB9AD40-B8FB-47DA-BD1C-6C468998EA06}.Release|Any CPU.Build.0 = Release|Any CPU
	EndGlobalSection
	GlobalSection(SolutionProperties) = preSolution
		HideSolutionNode = FALSE
	EndGlobalSection
EndGlobal
